{
  "version": 1,
  "dependencies": {
    "net10.0": {
      "Katasec.AITools": {
        "type": "Direct",
        "requested": "[0.1.8, )",
        "resolved": "0.1.8",
        "contentHash": "cNMNS3lHMKDcBgCYup8O/zzhXGgt1eUfsKVdTxVG7mvGU0jjcfU2fi89J9lzwtUoIZxpFsEBEIL1rOoKCaeT/A==",
        "dependencies": {
          "Microsoft.Extensions.AI.Abstractions": "9.5.0"
        }
      },
      "Microsoft.Extensions.AI": {
        "type": "Direct",
        "requested": "[10.7.0, )",
        "resolved": "10.7.0",
        "contentHash": "r8z4uyPq0kTk4+jH92/hPshf3HNUXKOQ9axJwp57QFz43G45BG4DNYpVE0vuSan1dI69LtWx9ttF0Z2ibnghNg==",
        "dependencies": {
          "Microsoft.Extensions.AI.Abstractions": "10.7.0",
          "Microsoft.Extensions.Caching.Abstractions": "10.0.9",
          "Microsoft.Extensions.DependencyInjection.Abstractions": "10.0.9",
          "Microsoft.Extensions.Logging.Abstractions": "10.0.9",
          "System.Numerics.Tensors": "10.0.9"
        }
      },
      "Microsoft.ML.OnnxRuntime": {
        "type": "Direct",
        "requested": "[1.27.0, )",
        "resolved": "1.27.0",
        "contentHash": "QdVsm9tkp1M7lmI5F3uLn/Ruc8I4FCMtFVD0ohmWo7JvC7YsZgAu1S3CEEJhZr1YB+lCPWXa7tpBDbQLCZGPTg==",
        "dependencies": {
          "Microsoft.ML.OnnxRuntime.Managed": "1.27.0"
        }
      },
      "Microsoft.NET.ILLink.Tasks": {
        "type": "Direct",
        "requested": "[10.0.12, )",
        "resolved": "10.0.12",
        "contentHash": "xi+BDjFpW+Sb+MHFHaH6Y/gV9I8BluFwRXc1QyCdoZbIK26eNiBeFuMTe/FMwc33G1wdHCyDg7CVTmb8OdQrMQ=="
      },
      "YamlDotNet": {
        "type": "Direct",
        "requested": "[18.0.0, )",
        "resolved": "18.0.0",
        "contentHash": "ptHVgcYmLejGuWXV7RMFoEqFKYMXnieOlWLPzEslfDtzZ9ngMhjYwykfqjBN2+fMEAEyobozkj07lKEpR4dssA=="
      },
      "Antlr4.Runtime.Standard": {
        "type": "Transitive",
        "resolved": "4.13.1",
        "contentHash": "Da5+i4kFHUseJRZGcBG5fmZGpA/Ns180ibrQMxgZzjpQOnENVvSL5gi5HZ8Ncz8/AR2WsKbOg2lMBzjz0HUQcA=="
      },
      "Microsoft.Extensions.AI.Abstractions": {
        "type": "Transitive",
        "resolved": "10.7.0",
        "contentHash": "Lf822igMm8NkTYHZhTp7kjoNYkLLEvJnX3SkG/LVBvsZHC0Y9choogHz8YtITBoy0TOylM3kVUZ6iaHf0my0ug=="
      },
      "Microsoft.Extensions.Caching.Abstractions": {
        "type": "Transitive",
        "resolved": "10.0.9",
        "contentHash": "5fGxcw2vuYp8s0wio9H1ECiuk4iKSdTIlNuigdLIrkhg+5XAwgFVDB/5Ots3pfN/QhABLYXutA79JFtnUKDSHA==",
        "dependencies": {
          "Microsoft.Extensions.Primitives": "10.0.9"
        }
      },
      "Microsoft.Extensions.DependencyInjection.Abstractions": {
        "type": "Transitive",
        "resolved": "10.0.9",
        "contentHash": "g41l/30G3K4B/d/L8kjux0+30e27c8D0FVQ/PFCpbekgfDpj9mnDhieP67EqXWvl1EWNeZh2rpR4F5B/jcDOHA=="
      },
      "Microsoft.Extensions.Logging.Abstractions": {
        "type": "Transitive",
        "resolved": "10.0.9",
        "contentHash": "9S/DFt4cohlMPpzIxjG6kk0L8MuN2vDm9pbMCulxtJzzk82oJHVLBd8vuQxaPskaYQwKqmFmbannf5eoChgjYg==",
        "dependencies": {
          "Microsoft.Extensions.DependencyInjection.Abstractions": "10.0.9"
        }
      },
      "Microsoft.Extensions.Primitives": {
        "type": "Transitive",
        "resolved": "10.0.9",
        "contentHash": "fmEbAUFsaIKirgLt/lYhuFRBwhcSJN31jjHgCdbQxJiWOum6EdLjkbgGuukSP9z/a+9LibaxII/kF+GwOXgC4g=="
      },
      "Microsoft.ML.OnnxRuntime.Managed": {
        "type": "Transitive",
        "resolved": "1.27.0",
        "contentHash": "9HZjUh9j/gIe4SN/9e4sg/GeTy+JWaPDGzLgz01FQRaj3/SzwjGFc76DMW+wb3ZU7mwfT4lx8GUqwIDgAaHCpw==",
        "dependencies": {
          "System.Numerics.Tensors": "9.0.0"
        }
      },
      "System.Numerics.Tensors": {
        "type": "Transitive",
        "resolved": "10.0.9",
        "contentHash": "Rb71S3gggYVwEce9ugNw91vbr4vC4gThtx/imSJtLBW3AupEKujJPPQL6xF9q0DcNm6+z7hnYk7XqXaUpA4wDg=="
      },
      "Katasec.Forge.Mcl.Parser": {
        "type": "Project",
        "dependencies": {
          "Antlr4.Runtime.Standard": "[4.13.1, )"
        }
      }
    }
  }
}