{
  "version": 1,
  "dependencies": {
    "net10.0": {
      "Katasec.AnthropicServer": {
        "type": "Direct",
        "requested": "[0.1.7, )",
        "resolved": "0.1.7",
        "contentHash": "ejECk7XT/FydvMaN5cwgZhWxGfvXrBMKitQJNsmrApWrLIzQcHNIRdwrJywOh/iogLlt4Twjz/RUQ3yDpOTGkg==",
        "dependencies": {
          "Microsoft.Extensions.AI.Abstractions": "9.5.0"
        }
      },
      "Katasec.OaiServer": {
        "type": "Direct",
        "requested": "[0.1.7, )",
        "resolved": "0.1.7",
        "contentHash": "iYFN8PJn2gy81NYd0zxiOTq6aUg55xUQZf9LG2MXbVzRzpptl2yGwtBswDaSFQhJahQsJuGfLHZOmmmEqcm89Q==",
        "dependencies": {
          "Microsoft.Extensions.AI.Abstractions": "9.5.0"
        }
      },
      "Microsoft.NET.ILLink.Tasks": {
        "type": "Direct",
        "requested": "[10.0.12, )",
        "resolved": "10.0.12",
        "contentHash": "xi+BDjFpW+Sb+MHFHaH6Y/gV9I8BluFwRXc1QyCdoZbIK26eNiBeFuMTe/FMwc33G1wdHCyDg7CVTmb8OdQrMQ=="
      },
      "Microsoft.Extensions.AI.Abstractions": {
        "type": "Transitive",
        "resolved": "9.5.0",
        "contentHash": "Y46j1S4zOPtLAHCUzhHIm1IhCMr7764754bLYupyc1JZcvLNXjUk+VC7H3Bou20S2hHgDJnfox7X/H/3BYEvzA=="
      }
    }
  }
}